{
    "name": "faker",
    "version": "4.1.0",
    "lockfileVersion": 1,
    "requires": true,
    "dependencies": {
        "@types/faker": {
            "version": "4.1.4",
            "resolved": "https://registry.npmjs.org/@types/faker/-/faker-4.1.4.tgz",
            "integrity": "sha512-6vQk2Ky+s3oehh//1bB/4I4ApYcRN2dLcHm0fuUOcXvnv9fXCfSKkI6K/dRicJkyjcAO23r4lAwbk9j9fOB0Ug==",
            "dev": true
        },
        "Faker": {
            "version": "0.7.2",
            "resolved": "https://registry.npmjs.org/Faker/-/Faker-0.7.2.tgz",
            "integrity": "sha1-wkdLx3ux14AYtod9MHvX/fCC+xQ="
        }
    }
}
